// !$*UTF8*$!
{
	archiveVersion = 1;
	classes = {
	};
	objectVersion = 46;
	objects = {

/* Begin PBXBuildFile section */
		C218F1111C3A0B2800810733 /* main.m in Sources */ = {isa = PBXBuildFile; fileRef = C218F1101C3A0B2800810733 /* main.m */; };
		C218F1141C3A0B2800810733 /* AppDelegate.m in Sources */ = {isa = PBXBuildFile; fileRef = C218F1131C3A0B2800810733 /* AppDelegate.m */; };
		C218F11A1C3A0B2800810733 /* Main.storyboard in Resources */ = {isa = PBXBuildFile; fileRef = C218F1181C3A0B2800810733 /* Main.storyboard */; };
		C218F11C1C3A0B2800810733 /* Assets.xcassets in Resources */ = {isa = PBXBuildFile; fileRef = C218F11B1C3A0B2800810733 /* Assets.xcassets */; };
		C218F11F1C3A0B2800810733 /* LaunchScreen.storyboard in Resources */ = {isa = PBXBuildFile; fileRef = C218F11D1C3A0B2800810733 /* LaunchScreen.storyboard */; };
		C218F1451C3A21E700810733 /* CPTabBarViewController.m in Sources */ = {isa = PBXBuildFile; fileRef = C218F1441C3A21E700810733 /* CPTabBarViewController.m */; };
		C2A7698D1C3ABE4B0096F055 /* CPTabBar.m in Sources */ = {isa = PBXBuildFile; fileRef = C2A7698C1C3ABE4B0096F055 /* CPTabBar.m */; };
		C2A769901C3AC08D0096F055 /* CPTabBarButton.m in Sources */ = {isa = PBXBuildFile; fileRef = C2A7698F1C3AC08D0096F055 /* CPTabBarButton.m */; };
		C2AD3BD81C3BF5DA007C3925 /* XCCollectionViewController.m in Sources */ = {isa = PBXBuildFile; fileRef = C2AD3BB41C3BF5DA007C3925 /* XCCollectionViewController.m */; };
		C2AD3BD91C3BF5DA007C3925 /* XCNavigationController.m in Sources */ = {isa = PBXBuildFile; fileRef = C2AD3BB61C3BF5DA007C3925 /* XCNavigationController.m */; };
		C2AD3BDA1C3BF5DA007C3925 /* XCTabBarController.m in Sources */ = {isa = PBXBuildFile; fileRef = C2AD3BB81C3BF5DA007C3925 /* XCTabBarController.m */; };
		C2AD3BDB1C3BF5DA007C3925 /* XCTableViewController.m in Sources */ = {isa = PBXBuildFile; fileRef = C2AD3BBA1C3BF5DA007C3925 /* XCTableViewController.m */; };
		C2AD3BDC1C3BF5DA007C3925 /* XCViewController.m in Sources */ = {isa = PBXBuildFile; fileRef = C2AD3BBC1C3BF5DA007C3925 /* XCViewController.m */; };
		C2AD3BDD1C3BF5DA007C3925 /* XCButton.m in Sources */ = {isa = PBXBuildFile; fileRef = C2AD3BBF1C3BF5DA007C3925 /* XCButton.m */; };
		C2AD3BDE1C3BF5DA007C3925 /* XCCollectionViewCell.m in Sources */ = {isa = PBXBuildFile; fileRef = C2AD3BC11C3BF5DA007C3925 /* XCCollectionViewCell.m */; };
		C2AD3BDF1C3BF5DA007C3925 /* XCImageView.m in Sources */ = {isa = PBXBuildFile; fileRef = C2AD3BC31C3BF5DA007C3925 /* XCImageView.m */; };
		C2AD3BE01C3BF5DA007C3925 /* XCLabel.m in Sources */ = {isa = PBXBuildFile; fileRef = C2AD3BC51C3BF5DA007C3925 /* XCLabel.m */; };
		C2AD3BE11C3BF5DA007C3925 /* XCTableViewCell.m in Sources */ = {isa = PBXBuildFile; fileRef = C2AD3BC71C3BF5DA007C3925 /* XCTableViewCell.m */; };
		C2AD3BE21C3BF5DA007C3925 /* XCTextView.m in Sources */ = {isa = PBXBuildFile; fileRef = C2AD3BC91C3BF5DA007C3925 /* XCTextView.m */; };
		C2AD3BE31C3BF5DA007C3925 /* UIDevice+Addtion.m in Sources */ = {isa = PBXBuildFile; fileRef = C2AD3BCC1C3BF5DA007C3925 /* UIDevice+Addtion.m */; };
		C2AD3BE41C3BF5DA007C3925 /* UIView+XCAdditions.m in Sources */ = {isa = PBXBuildFile; fileRef = C2AD3BCE1C3BF5DA007C3925 /* UIView+XCAdditions.m */; };
		C2AD3BE61C3BF5DA007C3925 /* iToast.m in Sources */ = {isa = PBXBuildFile; fileRef = C2AD3BD61C3BF5DA007C3925 /* iToast.m */; };
		C2AD3BF61C3BF627007C3925 /* AFHTTPSessionManager.m in Sources */ = {isa = PBXBuildFile; fileRef = C2AD3BEA1C3BF627007C3925 /* AFHTTPSessionManager.m */; };
		C2AD3BF71C3BF627007C3925 /* AFNetworkReachabilityManager.m in Sources */ = {isa = PBXBuildFile; fileRef = C2AD3BED1C3BF627007C3925 /* AFNetworkReachabilityManager.m */; };
		C2AD3BF81C3BF627007C3925 /* AFSecurityPolicy.m in Sources */ = {isa = PBXBuildFile; fileRef = C2AD3BEF1C3BF627007C3925 /* AFSecurityPolicy.m */; };
		C2AD3BF91C3BF627007C3925 /* AFURLRequestSerialization.m in Sources */ = {isa = PBXBuildFile; fileRef = C2AD3BF11C3BF627007C3925 /* AFURLRequestSerialization.m */; };
		C2AD3BFA1C3BF627007C3925 /* AFURLResponseSerialization.m in Sources */ = {isa = PBXBuildFile; fileRef = C2AD3BF31C3BF627007C3925 /* AFURLResponseSerialization.m */; };
		C2AD3BFB1C3BF627007C3925 /* AFURLSessionManager.m in Sources */ = {isa = PBXBuildFile; fileRef = C2AD3BF51C3BF627007C3925 /* AFURLSessionManager.m */; };
		C2AD3C1E1C3BF636007C3925 /* MKAnnotationView+WebCache.m in Sources */ = {isa = PBXBuildFile; fileRef = C2AD3BFE1C3BF636007C3925 /* MKAnnotationView+WebCache.m */; };
		C2AD3C1F1C3BF636007C3925 /* NSData+ImageContentType.m in Sources */ = {isa = PBXBuildFile; fileRef = C2AD3C001C3BF636007C3925 /* NSData+ImageContentType.m */; };
		C2AD3C201C3BF636007C3925 /* SDImageCache.m in Sources */ = {isa = PBXBuildFile; fileRef = C2AD3C021C3BF636007C3925 /* SDImageCache.m */; };
		C2AD3C211C3BF636007C3925 /* SDWebImageCompat.m in Sources */ = {isa = PBXBuildFile; fileRef = C2AD3C041C3BF636007C3925 /* SDWebImageCompat.m */; };
		C2AD3C221C3BF636007C3925 /* SDWebImageDecoder.m in Sources */ = {isa = PBXBuildFile; fileRef = C2AD3C061C3BF636007C3925 /* SDWebImageDecoder.m */; };
		C2AD3C231C3BF636007C3925 /* SDWebImageDownloader.m in Sources */ = {isa = PBXBuildFile; fileRef = C2AD3C081C3BF636007C3925 /* SDWebImageDownloader.m */; };
		C2AD3C241C3BF636007C3925 /* SDWebImageDownloaderOperation.m in Sources */ = {isa = PBXBuildFile; fileRef = C2AD3C0A1C3BF636007C3925 /* SDWebImageDownloaderOperation.m */; };
		C2AD3C251C3BF636007C3925 /* SDWebImageManager.m in Sources */ = {isa = PBXBuildFile; fileRef = C2AD3C0C1C3BF636007C3925 /* SDWebImageManager.m */; };
		C2AD3C261C3BF636007C3925 /* SDWebImagePrefetcher.m in Sources */ = {isa = PBXBuildFile; fileRef = C2AD3C0F1C3BF636007C3925 /* SDWebImagePrefetcher.m */; };
		C2AD3C271C3BF636007C3925 /* UIButton+WebCache.m in Sources */ = {isa = PBXBuildFile; fileRef = C2AD3C111C3BF636007C3925 /* UIButton+WebCache.m */; };
		C2AD3C281C3BF636007C3925 /* UIImage+GIF.m in Sources */ = {isa = PBXBuildFile; fileRef = C2AD3C131C3BF636007C3925 /* UIImage+GIF.m */; };
		C2AD3C291C3BF636007C3925 /* UIImage+MultiFormat.m in Sources */ = {isa = PBXBuildFile; fileRef = C2AD3C151C3BF636007C3925 /* UIImage+MultiFormat.m */; };
		C2AD3C2A1C3BF636007C3925 /* UIImage+WebP.m in Sources */ = {isa = PBXBuildFile; fileRef = C2AD3C171C3BF636007C3925 /* UIImage+WebP.m */; };
		C2AD3C2B1C3BF636007C3925 /* UIImageView+HighlightedWebCache.m in Sources */ = {isa = PBXBuildFile; fileRef = C2AD3C191C3BF636007C3925 /* UIImageView+HighlightedWebCache.m */; };
		C2AD3C2C1C3BF636007C3925 /* UIImageView+WebCache.m in Sources */ = {isa = PBXBuildFile; fileRef = C2AD3C1B1C3BF636007C3925 /* UIImageView+WebCache.m */; };
		C2AD3C2D1C3BF636007C3925 /* UIView+WebCacheOperation.m in Sources */ = {isa = PBXBuildFile; fileRef = C2AD3C1D1C3BF636007C3925 /* UIView+WebCacheOperation.m */; };
		C2B6A7541C3B7AD200CC2EB7 /* Images.xcassets in Resources */ = {isa = PBXBuildFile; fileRef = C2B6A7531C3B7AD200CC2EB7 /* Images.xcassets */; };
/* End PBXBuildFile section */

/* Begin PBXFileReference section */
		C218F10C1C3A0B2800810733 /* caipiaowy.app */ = {isa = PBXFileReference; explicitFileType = wrapper.application; includeInIndex = 0; path = caipiaowy.app; sourceTree = BUILT_PRODUCTS_DIR; };
		C218F1101C3A0B2800810733 /* main.m */ = {isa = PBXFileReference; lastKnownFileType = sourcecode.c.objc; path = main.m; sourceTree = "<group>"; };
		C218F1121C3A0B2800810733 /* AppDelegate.h */ = {isa = PBXFileReference; lastKnownFileType = sourcecode.c.h; path = AppDelegate.h; sourceTree = "<group>"; };
		C218F1131C3A0B2800810733 /* AppDelegate.m */ = {isa = PBXFileReference; lastKnownFileType = sourcecode.c.objc; path = AppDelegate.m; sourceTree = "<group>"; };
		C218F1191C3A0B2800810733 /* Base */ = {isa = PBXFileReference; lastKnownFileType = file.storyboard; name = Base; path = Base.lproj/Main.storyboard; sourceTree = "<group>"; };
		C218F11B1C3A0B2800810733 /* Assets.xcassets */ = {isa = PBXFileReference; lastKnownFileType = folder.assetcatalog; path = Assets.xcassets; sourceTree = "<group>"; };
		C218F11E1C3A0B2800810733 /* Base */ = {isa = PBXFileReference; lastKnownFileType = file.storyboard; name = Base; path = Base.lproj/LaunchScreen.storyboard; sourceTree = "<group>"; };
		C218F1201C3A0B2800810733 /* Info.plist */ = {isa = PBXFileReference; lastKnownFileType = text.plist.xml; path = Info.plist; sourceTree = "<group>"; };
		C218F1431C3A21E700810733 /* CPTabBarViewController.h */ = {isa = PBXFileReference; fileEncoding = 4; lastKnownFileType = sourcecode.c.h; path = CPTabBarViewController.h; sourceTree = "<group>"; };
		C218F1441C3A21E700810733 /* CPTabBarViewController.m */ = {isa = PBXFileReference; fileEncoding = 4; lastKnownFileType = sourcecode.c.objc; path = CPTabBarViewController.m; sourceTree = "<group>"; };
		C2A7698B1C3ABE4B0096F055 /* CPTabBar.h */ = {isa = PBXFileReference; fileEncoding = 4; lastKnownFileType = sourcecode.c.h; path = CPTabBar.h; sourceTree = "<group>"; };
		C2A7698C1C3ABE4B0096F055 /* CPTabBar.m */ = {isa = PBXFileReference; fileEncoding = 4; lastKnownFileType = sourcecode.c.objc; path = CPTabBar.m; sourceTree = "<group>"; };
		C2A7698E1C3AC08D0096F055 /* CPTabBarButton.h */ = {isa = PBXFileReference; fileEncoding = 4; lastKnownFileType = sourcecode.c.h; path = CPTabBarButton.h; sourceTree = "<group>"; };
		C2A7698F1C3AC08D0096F055 /* CPTabBarButton.m */ = {isa = PBXFileReference; fileEncoding = 4; lastKnownFileType = sourcecode.c.objc; path = CPTabBarButton.m; sourceTree = "<group>"; };
		C2AD3BB31C3BF5DA007C3925 /* XCCollectionViewController.h */ = {isa = PBXFileReference; fileEncoding = 4; lastKnownFileType = sourcecode.c.h; path = XCCollectionViewController.h; sourceTree = "<group>"; };
		C2AD3BB41C3BF5DA007C3925 /* XCCollectionViewController.m */ = {isa = PBXFileReference; fileEncoding = 4; lastKnownFileType = sourcecode.c.objc; path = XCCollectionViewController.m; sourceTree = "<group>"; };
		C2AD3BB51C3BF5DA007C3925 /* XCNavigationController.h */ = {isa = PBXFileReference; fileEncoding = 4; lastKnownFileType = sourcecode.c.h; path = XCNavigationController.h; sourceTree = "<group>"; };
		C2AD3BB61C3BF5DA007C3925 /* XCNavigationController.m */ = {isa = PBXFileReference; fileEncoding = 4; lastKnownFileType = sourcecode.c.objc; path = XCNavigationController.m; sourceTree = "<group>"; };
		C2AD3BB71C3BF5DA007C3925 /* XCTabBarController.h */ = {isa = PBXFileReference; fileEncoding = 4; lastKnownFileType = sourcecode.c.h; path = XCTabBarController.h; sourceTree = "<group>"; };
		C2AD3BB81C3BF5DA007C3925 /* XCTabBarController.m */ = {isa = PBXFileReference; fileEncoding = 4; lastKnownFileType = sourcecode.c.objc; path = XCTabBarController.m; sourceTree = "<group>"; };
		C2AD3BB91C3BF5DA007C3925 /* XCTableViewController.h */ = {isa = PBXFileReference; fileEncoding = 4; lastKnownFileType = sourcecode.c.h; path = XCTableViewController.h; sourceTree = "<group>"; };
		C2AD3BBA1C3BF5DA007C3925 /* XCTableViewController.m */ = {isa = PBXFileReference; fileEncoding = 4; lastKnownFileType = sourcecode.c.objc; path = XCTableViewController.m; sourceTree = "<group>"; };
		C2AD3BBB1C3BF5DA007C3925 /* XCViewController.h */ = {isa = PBXFileReference; fileEncoding = 4; lastKnownFileType = sourcecode.c.h; path = XCViewController.h; sourceTree = "<group>"; };
		C2AD3BBC1C3BF5DA007C3925 /* XCViewController.m */ = {isa = PBXFileReference; fileEncoding = 4; lastKnownFileType = sourcecode.c.objc; path = XCViewController.m; sourceTree = "<group>"; };
		C2AD3BBE1C3BF5DA007C3925 /* XCButton.h */ = {isa = PBXFileReference; fileEncoding = 4; lastKnownFileType = sourcecode.c.h; path = XCButton.h; sourceTree = "<group>"; };
		C2AD3BBF1C3BF5DA007C3925 /* XCButton.m */ = {isa = PBXFileReference; fileEncoding = 4; lastKnownFileType = sourcecode.c.objc; path = XCButton.m; sourceTree = "<group>"; };
		C2AD3BC01C3BF5DA007C3925 /* XCCollectionViewCell.h */ = {isa = PBXFileReference; fileEncoding = 4; lastKnownFileType = sourcecode.c.h; path = XCCollectionViewCell.h; sourceTree = "<group>"; };
		C2AD3BC11C3BF5DA007C3925 /* XCCollectionViewCell.m */ = {isa = PBXFileReference; fileEncoding = 4; lastKnownFileType = sourcecode.c.objc; path = XCCollectionViewCell.m; sourceTree = "<group>"; };
		C2AD3BC21C3BF5DA007C3925 /* XCImageView.h */ = {isa = PBXFileReference; fileEncoding = 4; lastKnownFileType = sourcecode.c.h; path = XCImageView.h; sourceTree = "<group>"; };
		C2AD3BC31C3BF5DA007C3925 /* XCImageView.m */ = {isa = PBXFileReference; fileEncoding = 4; lastKnownFileType = sourcecode.c.objc; path = XCImageView.m; sourceTree = "<group>"; };
		C2AD3BC41C3BF5DA007C3925 /* XCLabel.h */ = {isa = PBXFileReference; fileEncoding = 4; lastKnownFileType = sourcecode.c.h; path = XCLabel.h; sourceTree = "<group>"; };
		C2AD3BC51C3BF5DA007C3925 /* XCLabel.m */ = {isa = PBXFileReference; fileEncoding = 4; lastKnownFileType = sourcecode.c.objc; path = XCLabel.m; sourceTree = "<group>"; };
		C2AD3BC61C3BF5DA007C3925 /* XCTableViewCell.h */ = {isa = PBXFileReference; fileEncoding = 4; lastKnownFileType = sourcecode.c.h; path = XCTableViewCell.h; sourceTree = "<group>"; };
		C2AD3BC71C3BF5DA007C3925 /* XCTableViewCell.m */ = {isa = PBXFileReference; fileEncoding = 4; lastKnownFileType = sourcecode.c.objc; path = XCTableViewCell.m; sourceTree = "<group>"; };
		C2AD3BC81C3BF5DA007C3925 /* XCTextView.h */ = {isa = PBXFileReference; fileEncoding = 4; lastKnownFileType = sourcecode.c.h; path = XCTextView.h; sourceTree = "<group>"; };
		C2AD3BC91C3BF5DA007C3925 /* XCTextView.m */ = {isa = PBXFileReference; fileEncoding = 4; lastKnownFileType = sourcecode.c.objc; path = XCTextView.m; sourceTree = "<group>"; };
		C2AD3BCB1C3BF5DA007C3925 /* UIDevice+Addtion.h */ = {isa = PBXFileReference; fileEncoding = 4; lastKnownFileType = sourcecode.c.h; path = "UIDevice+Addtion.h"; sourceTree = "<group>"; };
		C2AD3BCC1C3BF5DA007C3925 /* UIDevice+Addtion.m */ = {isa = PBXFileReference; fileEncoding = 4; lastKnownFileType = sourcecode.c.objc; path = "UIDevice+Addtion.m"; sourceTree = "<group>"; };
		C2AD3BCD1C3BF5DA007C3925 /* UIView+XCAdditions.h */ = {isa = PBXFileReference; fileEncoding = 4; lastKnownFileType = sourcecode.c.h; path = "UIView+XCAdditions.h"; sourceTree = "<group>"; };
		C2AD3BCE1C3BF5DA007C3925 /* UIView+XCAdditions.m */ = {isa = PBXFileReference; fileEncoding = 4; lastKnownFileType = sourcecode.c.objc; path = "UIView+XCAdditions.m"; sourceTree = "<group>"; };
		C2AD3BD21C3BF5DA007C3925 /* PrefixHeader.pch */ = {isa = PBXFileReference; fileEncoding = 4; lastKnownFileType = sourcecode.c.h; path = PrefixHeader.pch; sourceTree = "<group>"; };
		C2AD3BD51C3BF5DA007C3925 /* iToast.h */ = {isa = PBXFileReference; fileEncoding = 4; lastKnownFileType = sourcecode.c.h; path = iToast.h; sourceTree = "<group>"; };
		C2AD3BD61C3BF5DA007C3925 /* iToast.m */ = {isa = PBXFileReference; fileEncoding = 4; lastKnownFileType = sourcecode.c.objc; path = iToast.m; sourceTree = "<group>"; };
		C2AD3BE91C3BF627007C3925 /* AFHTTPSessionManager.h */ = {isa = PBXFileReference; fileEncoding = 4; lastKnownFileType = sourcecode.c.h; path = AFHTTPSessionManager.h; sourceTree = "<group>"; };
		C2AD3BEA1C3BF627007C3925 /* AFHTTPSessionManager.m */ = {isa = PBXFileReference; fileEncoding = 4; lastKnownFileType = sourcecode.c.objc; path = AFHTTPSessionManager.m; sourceTree = "<group>"; };
		C2AD3BEB1C3BF627007C3925 /* AFNetworking.h */ = {isa = PBXFileReference; fileEncoding = 4; lastKnownFileType = sourcecode.c.h; path = AFNetworking.h; sourceTree = "<group>"; };
		C2AD3BEC1C3BF627007C3925 /* AFNetworkReachabilityManager.h */ = {isa = PBXFileReference; fileEncoding = 4; lastKnownFileType = sourcecode.c.h; path = AFNetworkReachabilityManager.h; sourceTree = "<group>"; };
		C2AD3BED1C3BF627007C3925 /* AFNetworkReachabilityManager.m */ = {isa = PBXFileReference; fileEncoding = 4; lastKnownFileType = sourcecode.c.objc; path = AFNetworkReachabilityManager.m; sourceTree = "<group>"; };
		C2AD3BEE1C3BF627007C3925 /* AFSecurityPolicy.h */ = {isa = PBXFileReference; fileEncoding = 4; lastKnownFileType = sourcecode.c.h; path = AFSecurityPolicy.h; sourceTree = "<group>"; };
		C2AD3BEF1C3BF627007C3925 /* AFSecurityPolicy.m */ = {isa = PBXFileReference; fileEncoding = 4; lastKnownFileType = sourcecode.c.objc; path = AFSecurityPolicy.m; sourceTree = "<group>"; };
		C2AD3BF01C3BF627007C3925 /* AFURLRequestSerialization.h */ = {isa = PBXFileReference; fileEncoding = 4; lastKnownFileType = sourcecode.c.h; path = AFURLRequestSerialization.h; sourceTree = "<group>"; };
		C2AD3BF11C3BF627007C3925 /* AFURLRequestSerialization.m */ = {isa = PBXFileReference; fileEncoding = 4; lastKnownFileType = sourcecode.c.objc; path = AFURLRequestSerialization.m; sourceTree = "<group>"; };
		C2AD3BF21C3BF627007C3925 /* AFURLResponseSerialization.h */ = {isa = PBXFileReference; fileEncoding = 4; lastKnownFileType = sourcecode.c.h; path = AFURLResponseSerialization.h; sourceTree = "<group>"; };
		C2AD3BF31C3BF627007C3925 /* AFURLResponseSerialization.m */ = {isa = PBXFileReference; fileEncoding = 4; lastKnownFileType = sourcecode.c.objc; path = AFURLResponseSerialization.m; sourceTree = "<group>"; };
		C2AD3BF41C3BF627007C3925 /* AFURLSessionManager.h */ = {isa = PBXFileReference; fileEncoding = 4; lastKnownFileType = sourcecode.c.h; path = AFURLSessionManager.h; sourceTree = "<group>"; };
		C2AD3BF51C3BF627007C3925 /* AFURLSessionManager.m */ = {isa = PBXFileReference; fileEncoding = 4; lastKnownFileType = sourcecode.c.objc; path = AFURLSessionManager.m; sourceTree = "<group>"; };
		C2AD3BFD1C3BF636007C3925 /* MKAnnotationView+WebCache.h */ = {isa = PBXFileReference; fileEncoding = 4; lastKnownFileType = sourcecode.c.h; path = "MKAnnotationView+WebCache.h"; sourceTree = "<group>"; };
		C2AD3BFE1C3BF636007C3925 /* MKAnnotationView+WebCache.m */ = {isa = PBXFileReference; fileEncoding = 4; lastKnownFileType = sourcecode.c.objc; path = "MKAnnotationView+WebCache.m"; sourceTree = "<group>"; };
		C2AD3BFF1C3BF636007C3925 /* NSData+ImageContentType.h */ = {isa = PBXFileReference; fileEncoding = 4; lastKnownFileType = sourcecode.c.h; path = "NSData+ImageContentType.h"; sourceTree = "<group>"; };
		C2AD3C001C3BF636007C3925 /* NSData+ImageContentType.m */ = {isa = PBXFileReference; fileEncoding = 4; lastKnownFileType = sourcecode.c.objc; path = "NSData+ImageContentType.m"; sourceTree = "<group>"; };
		C2AD3C011C3BF636007C3925 /* SDImageCache.h */ = {isa = PBXFileReference; fileEncoding = 4; lastKnownFileType = sourcecode.c.h; path = SDImageCache.h; sourceTree = "<group>"; };
		C2AD3C021C3BF636007C3925 /* SDImageCache.m */ = {isa = PBXFileReference; fileEncoding = 4; lastKnownFileType = sourcecode.c.objc; path = SDImageCache.m; sourceTree = "<group>"; };
		C2AD3C031C3BF636007C3925 /* SDWebImageCompat.h */ = {isa = PBXFileReference; fileEncoding = 4; lastKnownFileType = sourcecode.c.h; path = SDWebImageCompat.h; sourceTree = "<group>"; };
		C2AD3C041C3BF636007C3925 /* SDWebImageCompat.m */ = {isa = PBXFileReference; fileEncoding = 4; lastKnownFileType = sourcecode.c.objc; path = SDWebImageCompat.m; sourceTree = "<group>"; };
		C2AD3C051C3BF636007C3925 /* SDWebImageDecoder.h */ = {isa = PBXFileReference; fileEncoding = 4; lastKnownFileType = sourcecode.c.h; path = SDWebImageDecoder.h; sourceTree = "<group>"; };
		C2AD3C061C3BF636007C3925 /* SDWebImageDecoder.m */ = {isa = PBXFileReference; fileEncoding = 4; lastKnownFileType = sourcecode.c.objc; path = SDWebImageDecoder.m; sourceTree = "<group>"; };
		C2AD3C071C3BF636007C3925 /* SDWebImageDownloader.h */ = {isa = PBXFileReference; fileEncoding = 4; lastKnownFileType = sourcecode.c.h; path = SDWebImageDownloader.h; sourceTree = "<group>"; };
		C2AD3C081C3BF636007C3925 /* SDWebImageDownloader.m */ = {isa = PBXFileReference; fileEncoding = 4; lastKnownFileType = sourcecode.c.objc; path = SDWebImageDownloader.m; sourceTree = "<group>"; };
		C2AD3C091C3BF636007C3925 /* SDWebImageDownloaderOperation.h */ = {isa = PBXFileReference; fileEncoding = 4; lastKnownFileType = sourcecode.c.h; path = SDWebImageDownloaderOperation.h; sourceTree = "<group>"; };
		C2AD3C0A1C3BF636007C3925 /* SDWebImageDownloaderOperation.m */ = {isa = PBXFileReference; fileEncoding = 4; lastKnownFileType = sourcecode.c.objc; path = SDWebImageDownloaderOperation.m; sourceTree = "<group>"; };
		C2AD3C0B1C3BF636007C3925 /* SDWebImageManager.h */ = {isa = PBXFileReference; fileEncoding = 4; lastKnownFileType = sourcecode.c.h; path = SDWebImageManager.h; sourceTree = "<group>"; };
		C2AD3C0C1C3BF636007C3925 /* SDWebImageManager.m */ = {isa = PBXFileReference; fileEncoding = 4; lastKnownFileType = sourcecode.c.objc; path = SDWebImageManager.m; sourceTree = "<group>"; };
		C2AD3C0D1C3BF636007C3925 /* SDWebImageOperation.h */ = {isa = PBXFileReference; fileEncoding = 4; lastKnownFileType = sourcecode.c.h; path = SDWebImageOperation.h; sourceTree = "<group>"; };
		C2AD3C0E1C3BF636007C3925 /* SDWebImagePrefetcher.h */ = {isa = PBXFileReference; fileEncoding = 4; lastKnownFileType = sourcecode.c.h; path = SDWebImagePrefetcher.h; sourceTree = "<group>"; };
		C2AD3C0F1C3BF636007C3925 /* SDWebImagePrefetcher.m */ = {isa = PBXFileReference; fileEncoding = 4; lastKnownFileType = sourcecode.c.objc; path = SDWebImagePrefetcher.m; sourceTree = "<group>"; };
		C2AD3C101C3BF636007C3925 /* UIButton+WebCache.h */ = {isa = PBXFileReference; fileEncoding = 4; lastKnownFileType = sourcecode.c.h; path = "UIButton+WebCache.h"; sourceTree = "<group>"; };
		C2AD3C111C3BF636007C3925 /* UIButton+WebCache.m */ = {isa = PBXFileReference; fileEncoding = 4; lastKnownFileType = sourcecode.c.objc; path = "UIButton+WebCache.m"; sourceTree = "<group>"; };
		C2AD3C121C3BF636007C3925 /* UIImage+GIF.h */ = {isa = PBXFileReference; fileEncoding = 4; lastKnownFileType = sourcecode.c.h; path = "UIImage+GIF.h"; sourceTree = "<group>"; };
		C2AD3C131C3BF636007C3925 /* UIImage+GIF.m */ = {isa = PBXFileReference; fileEncoding = 4; lastKnownFileType = sourcecode.c.objc; path = "UIImage+GIF.m"; sourceTree = "<group>"; };
		C2AD3C141C3BF636007C3925 /* UIImage+MultiFormat.h */ = {isa = PBXFileReference; fileEncoding = 4; lastKnownFileType = sourcecode.c.h; path = "UIImage+MultiFormat.h"; sourceTree = "<group>"; };
		C2AD3C151C3BF636007C3925 /* UIImage+MultiFormat.m */ = {isa = PBXFileReference; fileEncoding = 4; lastKnownFileType = sourcecode.c.objc; path = "UIImage+MultiFormat.m"; sourceTree = "<group>"; };
		C2AD3C161C3BF636007C3925 /* UIImage+WebP.h */ = {isa = PBXFileReference; fileEncoding = 4; lastKnownFileType = sourcecode.c.h; path = "UIImage+WebP.h"; sourceTree = "<group>"; };
		C2AD3C171C3BF636007C3925 /* UIImage+WebP.m */ = {isa = PBXFileReference; fileEncoding = 4; lastKnownFileType = sourcecode.c.objc; path = "UIImage+WebP.m"; sourceTree = "<group>"; };
		C2AD3C181C3BF636007C3925 /* UIImageView+HighlightedWebCache.h */ = {isa = PBXFileReference; fileEncoding = 4; lastKnownFileType = sourcecode.c.h; path = "UIImageView+HighlightedWebCache.h"; sourceTree = "<group>"; };
		C2AD3C191C3BF636007C3925 /* UIImageView+HighlightedWebCache.m */ = {isa = PBXFileReference; fileEncoding = 4; lastKnownFileType = sourcecode.c.objc; path = "UIImageView+HighlightedWebCache.m"; sourceTree = "<group>"; };
		C2AD3C1A1C3BF636007C3925 /* UIImageView+WebCache.h */ = {isa = PBXFileReference; fileEncoding = 4; lastKnownFileType = sourcecode.c.h; path = "UIImageView+WebCache.h"; sourceTree = "<group>"; };
		C2AD3C1B1C3BF636007C3925 /* UIImageView+WebCache.m */ = {isa = PBXFileReference; fileEncoding = 4; lastKnownFileType = sourcecode.c.objc; path = "UIImageView+WebCache.m"; sourceTree = "<group>"; };
		C2AD3C1C1C3BF636007C3925 /* UIView+WebCacheOperation.h */ = {isa = PBXFileReference; fileEncoding = 4; lastKnownFileType = sourcecode.c.h; path = "UIView+WebCacheOperation.h"; sourceTree = "<group>"; };
		C2AD3C1D1C3BF636007C3925 /* UIView+WebCacheOperation.m */ = {isa = PBXFileReference; fileEncoding = 4; lastKnownFileType = sourcecode.c.objc; path = "UIView+WebCacheOperation.m"; sourceTree = "<group>"; };
		C2B6A7531C3B7AD200CC2EB7 /* Images.xcassets */ = {isa = PBXFileReference; lastKnownFileType = folder.assetcatalog; path = Images.xcassets; sourceTree = "<group>"; };
/* End PBXFileReference section */

/* Begin PBXFrameworksBuildPhase section */
		C218F1091C3A0B2800810733 /* Frameworks */ = {
			isa = PBXFrameworksBuildPhase;
			buildActionMask = 2147483647;
			files = (
			);
			runOnlyForDeploymentPostprocessing = 0;
		};
/* End PBXFrameworksBuildPhase section */

/* Begin PBXGroup section */
		C218F1031C3A0B2700810733 = {
			isa = PBXGroup;
			children = (
				C218F10E1C3A0B2800810733 /* caipiaowy */,
				C218F10D1C3A0B2800810733 /* Products */,
			);
			sourceTree = "<group>";
		};
		C218F10D1C3A0B2800810733 /* Products */ = {
			isa = PBXGroup;
			children = (
				C218F10C1C3A0B2800810733 /* caipiaowy.app */,
			);
			name = Products;
			sourceTree = "<group>";
		};
		C218F10E1C3A0B2800810733 /* caipiaowy */ = {
			isa = PBXGroup;
			children = (
				C2AD3BE71C3BF619007C3925 /* vendors */,
				C218F1261C3A0B7800810733 /* class */,
				C218F1121C3A0B2800810733 /* AppDelegate.h */,
				C218F1131C3A0B2800810733 /* AppDelegate.m */,
				C218F1181C3A0B2800810733 /* Main.storyboard */,
				C218F11B1C3A0B2800810733 /* Assets.xcassets */,
				C218F11D1C3A0B2800810733 /* LaunchScreen.storyboard */,
				C218F1201C3A0B2800810733 /* Info.plist */,
				C2B6A7531C3B7AD200CC2EB7 /* Images.xcassets */,
				C218F10F1C3A0B2800810733 /* Supporting Files */,
			);
			path = caipiaowy;
			sourceTree = "<group>";
		};
		C218F10F1C3A0B2800810733 /* Supporting Files */ = {
			isa = PBXGroup;
			children = (
				C218F1101C3A0B2800810733 /* main.m */,
			);
			name = "Supporting Files";
			sourceTree = "<group>";
		};
		C218F1261C3A0B7800810733 /* class */ = {
			isa = PBXGroup;
			children = (
				C218F1271C3A0B7800810733 /* award */,
				C218F12B1C3A0B7800810733 /* buy */,
				C218F12F1C3A0B7800810733 /* hall */,
				C218F1331C3A0B7800810733 /* lucky */,
				C218F1371C3A0B7800810733 /* main */,
				C2AD3BB11C3BF5DA007C3925 /* other */,
				C218F13B1C3A0B7800810733 /* profile */,
			);
			path = class;
			sourceTree = "<group>";
		};
		C218F1271C3A0B7800810733 /* award */ = {
			isa = PBXGroup;
			children = (
				C218F1281C3A0B7800810733 /* controller */,
				C218F1291C3A0B7800810733 /* model */,
				C218F12A1C3A0B7800810733 /* view */,
			);
			path = award;
			sourceTree = "<group>";
		};
		C218F1281C3A0B7800810733 /* controller */ = {
			isa = PBXGroup;
			children = (
			);
			path = controller;
			sourceTree = "<group>";
		};
		C218F1291C3A0B7800810733 /* model */ = {
			isa = PBXGroup;
			children = (
			);
			path = model;
			sourceTree = "<group>";
		};
		C218F12A1C3A0B7800810733 /* view */ = {
			isa = PBXGroup;
			children = (
			);
			path = view;
			sourceTree = "<group>";
		};
		C218F12B1C3A0B7800810733 /* buy */ = {
			isa = PBXGroup;
			children = (
				C218F12C1C3A0B7800810733 /* controller */,
				C218F12D1C3A0B7800810733 /* model */,
				C218F12E1C3A0B7800810733 /* view */,
			);
			path = buy;
			sourceTree = "<group>";
		};
		C218F12C1C3A0B7800810733 /* controller */ = {
			isa = PBXGroup;
			children = (
			);
			path = controller;
			sourceTree = "<group>";
		};
		C218F12D1C3A0B7800810733 /* model */ = {
			isa = PBXGroup;
			children = (
			);
			path = model;
			sourceTree = "<group>";
		};
		C218F12E1C3A0B7800810733 /* view */ = {
			isa = PBXGroup;
			children = (
			);
			path = view;
			sourceTree = "<group>";
		};
		C218F12F1C3A0B7800810733 /* hall */ = {
			isa = PBXGroup;
			children = (
				C218F1301C3A0B7800810733 /* controller */,
				C218F1311C3A0B7800810733 /* model */,
				C218F1321C3A0B7800810733 /* view */,
			);
			path = hall;
			sourceTree = "<group>";
		};
		C218F1301C3A0B7800810733 /* controller */ = {
			isa = PBXGroup;
			children = (
			);
			path = controller;
			sourceTree = "<group>";
		};
		C218F1311C3A0B7800810733 /* model */ = {
			isa = PBXGroup;
			children = (
			);
			path = model;
			sourceTree = "<group>";
		};
		C218F1321C3A0B7800810733 /* view */ = {
			isa = PBXGroup;
			children = (
			);
			path = view;
			sourceTree = "<group>";
		};
		C218F1331C3A0B7800810733 /* lucky */ = {
			isa = PBXGroup;
			children = (
				C218F1341C3A0B7800810733 /* controller */,
				C218F1351C3A0B7800810733 /* model */,
				C218F1361C3A0B7800810733 /* view */,
			);
			path = lucky;
			sourceTree = "<group>";
		};
		C218F1341C3A0B7800810733 /* controller */ = {
			isa = PBXGroup;
			children = (
			);
			path = controller;
			sourceTree = "<group>";
		};
		C218F1351C3A0B7800810733 /* model */ = {
			isa = PBXGroup;
			children = (
			);
			path = model;
			sourceTree = "<group>";
		};
		C218F1361C3A0B7800810733 /* view */ = {
			isa = PBXGroup;
			children = (
			);
			path = view;
			sourceTree = "<group>";
		};
		C218F1371C3A0B7800810733 /* main */ = {
			isa = PBXGroup;
			children = (
				C218F1401C3A21CF00810733 /* controller */,
				C218F1411C3A21CF00810733 /* model */,
				C218F1421C3A21CF00810733 /* view */,
			);
			path = main;
			sourceTree = "<group>";
		};
		C218F13B1C3A0B7800810733 /* profile */ = {
			isa = PBXGroup;
			children = (
				C218F13C1C3A0B7800810733 /* controller */,
				C218F13D1C3A0B7800810733 /* model */,
				C218F13E1C3A0B7800810733 /* view */,
			);
			path = profile;
			sourceTree = "<group>";
		};
		C218F13C1C3A0B7800810733 /* controller */ = {
			isa = PBXGroup;
			children = (
			);
			path = controller;
			sourceTree = "<group>";
		};
		C218F13D1C3A0B7800810733 /* model */ = {
			isa = PBXGroup;
			children = (
			);
			path = model;
			sourceTree = "<group>";
		};
		C218F13E1C3A0B7800810733 /* view */ = {
			isa = PBXGroup;
			children = (
			);
			path = view;
			sourceTree = "<group>";
		};
		C218F1401C3A21CF00810733 /* controller */ = {
			isa = PBXGroup;
			children = (
				C218F1431C3A21E700810733 /* CPTabBarViewController.h */,
				C218F1441C3A21E700810733 /* CPTabBarViewController.m */,
			);
			path = controller;
			sourceTree = "<group>";
		};
		C218F1411C3A21CF00810733 /* model */ = {
			isa = PBXGroup;
			children = (
			);
			path = model;
			sourceTree = "<group>";
		};
		C218F1421C3A21CF00810733 /* view */ = {
			isa = PBXGroup;
			children = (
				C2A7698B1C3ABE4B0096F055 /* CPTabBar.h */,
				C2A7698C1C3ABE4B0096F055 /* CPTabBar.m */,
				C2A7698E1C3AC08D0096F055 /* CPTabBarButton.h */,
				C2A7698F1C3AC08D0096F055 /* CPTabBarButton.m */,
			);
			path = view;
			sourceTree = "<group>";
		};
		C2AD3BB11C3BF5DA007C3925 /* other */ = {
			isa = PBXGroup;
			children = (
				C2AD3BB21C3BF5DA007C3925 /* baseControllers */,
				C2AD3BBD1C3BF5DA007C3925 /* baseViews */,
				C2AD3BCA1C3BF5DA007C3925 /* category */,
				C2AD3BCF1C3BF5DA007C3925 /* modules */,
				C2AD3BD11C3BF5DA007C3925 /* setting */,
				C2AD3BD31C3BF5DA007C3925 /* Utils */,
				C2AD3BD71C3BF5DA007C3925 /* vender */,
			);
			path = other;
			sourceTree = "<group>";
		};
		C2AD3BB21C3BF5DA007C3925 /* baseControllers */ = {
			isa = PBXGroup;
			children = (
				C2AD3BB31C3BF5DA007C3925 /* XCCollectionViewController.h */,
				C2AD3BB41C3BF5DA007C3925 /* XCCollectionViewController.m */,
				C2AD3BB51C3BF5DA007C3925 /* XCNavigationController.h */,
				C2AD3BB61C3BF5DA007C3925 /* XCNavigationController.m */,
				C2AD3BB71C3BF5DA007C3925 /* XCTabBarController.h */,
				C2AD3BB81C3BF5DA007C3925 /* XCTabBarController.m */,
				C2AD3BB91C3BF5DA007C3925 /* XCTableViewController.h */,
				C2AD3BBA1C3BF5DA007C3925 /* XCTableViewController.m */,
				C2AD3BBB1C3BF5DA007C3925 /* XCViewController.h */,
				C2AD3BBC1C3BF5DA007C3925 /* XCViewController.m */,
			);
			path = baseControllers;
			sourceTree = "<group>";
		};
		C2AD3BBD1C3BF5DA007C3925 /* baseViews */ = {
			isa = PBXGroup;
			children = (
				C2AD3BBE1C3BF5DA007C3925 /* XCButton.h */,
				C2AD3BBF1C3BF5DA007C3925 /* XCButton.m */,
				C2AD3BC01C3BF5DA007C3925 /* XCCollectionViewCell.h */,
				C2AD3BC11C3BF5DA007C3925 /* XCCollectionViewCell.m */,
				C2AD3BC21C3BF5DA007C3925 /* XCImageView.h */,
				C2AD3BC31C3BF5DA007C3925 /* XCImageView.m */,
				C2AD3BC41C3BF5DA007C3925 /* XCLabel.h */,
				C2AD3BC51C3BF5DA007C3925 /* XCLabel.m */,
				C2AD3BC61C3BF5DA007C3925 /* XCTableViewCell.h */,
				C2AD3BC71C3BF5DA007C3925 /* XCTableViewCell.m */,
				C2AD3BC81C3BF5DA007C3925 /* XCTextView.h */,
				C2AD3BC91C3BF5DA007C3925 /* XCTextView.m */,
			);
			path = baseViews;
			sourceTree = "<group>";
		};
		C2AD3BCA1C3BF5DA007C3925 /* category */ = {
			isa = PBXGroup;
			children = (
				C2AD3BCB1C3BF5DA007C3925 /* UIDevice+Addtion.h */,
				C2AD3BCC1C3BF5DA007C3925 /* UIDevice+Addtion.m */,
				C2AD3BCD1C3BF5DA007C3925 /* UIView+XCAdditions.h */,
				C2AD3BCE1C3BF5DA007C3925 /* UIView+XCAdditions.m */,
			);
			path = category;
			sourceTree = "<group>";
		};
		C2AD3BCF1C3BF5DA007C3925 /* modules */ = {
			isa = PBXGroup;
			children = (
			);
			path = modules;
			sourceTree = "<group>";
		};
		C2AD3BD11C3BF5DA007C3925 /* setting */ = {
			isa = PBXGroup;
			children = (
				C2AD3BD21C3BF5DA007C3925 /* PrefixHeader.pch */,
			);
			path = setting;
			sourceTree = "<group>";
		};
		C2AD3BD31C3BF5DA007C3925 /* Utils */ = {
			isa = PBXGroup;
			children = (
				C2AD3BD41C3BF5DA007C3925 /* iToast */,
			);
			path = Utils;
			sourceTree = "<group>";
		};
		C2AD3BD41C3BF5DA007C3925 /* iToast */ = {
			isa = PBXGroup;
			children = (
				C2AD3BD51C3BF5DA007C3925 /* iToast.h */,
				C2AD3BD61C3BF5DA007C3925 /* iToast.m */,
			);
			path = iToast;
			sourceTree = "<group>";
		};
		C2AD3BD71C3BF5DA007C3925 /* vender */ = {
			isa = PBXGroup;
			children = (
			);
			path = vender;
			sourceTree = "<group>";
		};
		C2AD3BE71C3BF619007C3925 /* vendors */ = {
			isa = PBXGroup;
			children = (
				C2AD3BFC1C3BF636007C3925 /* SDWebImage */,
				C2AD3BE81C3BF627007C3925 /* AFNetworking */,
			);
			path = vendors;
			sourceTree = "<group>";
		};
		C2AD3BE81C3BF627007C3925 /* AFNetworking */ = {
			isa = PBXGroup;
			children = (
				C2AD3BE91C3BF627007C3925 /* AFHTTPSessionManager.h */,
				C2AD3BEA1C3BF627007C3925 /* AFHTTPSessionManager.m */,
				C2AD3BEB1C3BF627007C3925 /* AFNetworking.h */,
				C2AD3BEC1C3BF627007C3925 /* AFNetworkReachabilityManager.h */,
				C2AD3BED1C3BF627007C3925 /* AFNetworkReachabilityManager.m */,
				C2AD3BEE1C3BF627007C3925 /* AFSecurityPolicy.h */,
				C2AD3BEF1C3BF627007C3925 /* AFSecurityPolicy.m */,
				C2AD3BF01C3BF627007C3925 /* AFURLRequestSerialization.h */,
				C2AD3BF11C3BF627007C3925 /* AFURLRequestSerialization.m */,
				C2AD3BF21C3BF627007C3925 /* AFURLResponseSerialization.h */,
				C2AD3BF31C3BF627007C3925 /* AFURLResponseSerialization.m */,
				C2AD3BF41C3BF627007C3925 /* AFURLSessionManager.h */,
				C2AD3BF51C3BF627007C3925 /* AFURLSessionManager.m */,
			);
			path = AFNetworking;
			sourceTree = "<group>";
		};
		C2AD3BFC1C3BF636007C3925 /* SDWebImage */ = {
			isa = PBXGroup;
			children = (
				C2AD3BFD1C3BF636007C3925 /* MKAnnotationView+WebCache.h */,
				C2AD3BFE1C3BF636007C3925 /* MKAnnotationView+WebCache.m */,
				C2AD3BFF1C3BF636007C3925 /* NSData+ImageContentType.h */,
				C2AD3C001C3BF636007C3925 /* NSData+ImageContentType.m */,
				C2AD3C011C3BF636007C3925 /* SDImageCache.h */,
				C2AD3C021C3BF636007C3925 /* SDImageCache.m */,
				C2AD3C031C3BF636007C3925 /* SDWebImageCompat.h */,
				C2AD3C041C3BF636007C3925 /* SDWebImageCompat.m */,
				C2AD3C051C3BF636007C3925 /* SDWebImageDecoder.h */,
				C2AD3C061C3BF636007C3925 /* SDWebImageDecoder.m */,
				C2AD3C071C3BF636007C3925 /* SDWebImageDownloader.h */,
				C2AD3C081C3BF636007C3925 /* SDWebImageDownloader.m */,
				C2AD3C091C3BF636007C3925 /* SDWebImageDownloaderOperation.h */,
				C2AD3C0A1C3BF636007C3925 /* SDWebImageDownloaderOperation.m */,
				C2AD3C0B1C3BF636007C3925 /* SDWebImageManager.h */,
				C2AD3C0C1C3BF636007C3925 /* SDWebImageManager.m */,
				C2AD3C0D1C3BF636007C3925 /* SDWebImageOperation.h */,
				C2AD3C0E1C3BF636007C3925 /* SDWebImagePrefetcher.h */,
				C2AD3C0F1C3BF636007C3925 /* SDWebImagePrefetcher.m */,
				C2AD3C101C3BF636007C3925 /* UIButton+WebCache.h */,
				C2AD3C111C3BF636007C3925 /* UIButton+WebCache.m */,
				C2AD3C121C3BF636007C3925 /* UIImage+GIF.h */,
				C2AD3C131C3BF636007C3925 /* UIImage+GIF.m */,
				C2AD3C141C3BF636007C3925 /* UIImage+MultiFormat.h */,
				C2AD3C151C3BF636007C3925 /* UIImage+MultiFormat.m */,
				C2AD3C161C3BF636007C3925 /* UIImage+WebP.h */,
				C2AD3C171C3BF636007C3925 /* UIImage+WebP.m */,
				C2AD3C181C3BF636007C3925 /* UIImageView+HighlightedWebCache.h */,
				C2AD3C191C3BF636007C3925 /* UIImageView+HighlightedWebCache.m */,
				C2AD3C1A1C3BF636007C3925 /* UIImageView+WebCache.h */,
				C2AD3C1B1C3BF636007C3925 /* UIImageView+WebCache.m */,
				C2AD3C1C1C3BF636007C3925 /* UIView+WebCacheOperation.h */,
				C2AD3C1D1C3BF636007C3925 /* UIView+WebCacheOperation.m */,
			);
			path = SDWebImage;
			sourceTree = "<group>";
		};
/* End PBXGroup section */

/* Begin PBXNativeTarget section */
		C218F10B1C3A0B2800810733 /* caipiaowy */ = {
			isa = PBXNativeTarget;
			buildConfigurationList = C218F1231C3A0B2800810733 /* Build configuration list for PBXNativeTarget "caipiaowy" */;
			buildPhases = (
				C218F1081C3A0B2800810733 /* Sources */,
				C218F1091C3A0B2800810733 /* Frameworks */,
				C218F10A1C3A0B2800810733 /* Resources */,
			);
			buildRules = (
			);
			dependencies = (
			);
			name = caipiaowy;
			productName = caipiaowy;
			productReference = C218F10C1C3A0B2800810733 /* caipiaowy.app */;
			productType = "com.apple.product-type.application";
		};
/* End PBXNativeTarget section */

/* Begin PBXProject section */
		C218F1041C3A0B2700810733 /* Project object */ = {
			isa = PBXProject;
			attributes = {
				LastUpgradeCheck = 0720;
				ORGANIZATIONNAME = CP;
				TargetAttributes = {
					C218F10B1C3A0B2800810733 = {
						CreatedOnToolsVersion = 7.2;
					};
				};
			};
			buildConfigurationList = C218F1071C3A0B2700810733 /* Build configuration list for PBXProject "caipiaowy" */;
			compatibilityVersion = "Xcode 3.2";
			developmentRegion = English;
			hasScannedForEncodings = 0;
			knownRegions = (
				en,
				Base,
			);
			mainGroup = C218F1031C3A0B2700810733;
			productRefGroup = C218F10D1C3A0B2800810733 /* Products */;
			projectDirPath = "";
			projectRoot = "";
			targets = (
				C218F10B1C3A0B2800810733 /* caipiaowy */,
			);
		};
/* End PBXProject section */

/* Begin PBXResourcesBuildPhase section */
		C218F10A1C3A0B2800810733 /* Resources */ = {
			isa = PBXResourcesBuildPhase;
			buildActionMask = 2147483647;
			files = (
				C218F11F1C3A0B2800810733 /* LaunchScreen.storyboard in Resources */,
				C2B6A7541C3B7AD200CC2EB7 /* Images.xcassets in Resources */,
				C218F11C1C3A0B2800810733 /* Assets.xcassets in Resources */,
				C218F11A1C3A0B2800810733 /* Main.storyboard in Resources */,
			);
			runOnlyForDeploymentPostprocessing = 0;
		};
/* End PBXResourcesBuildPhase section */

/* Begin PBXSourcesBuildPhase section */
		C218F1081C3A0B2800810733 /* Sources */ = {
			isa = PBXSourcesBuildPhase;
			buildActionMask = 2147483647;
			files = (
				C2AD3BFB1C3BF627007C3925 /* AFURLSessionManager.m in Sources */,
				C2AD3C2D1C3BF636007C3925 /* UIView+WebCacheOperation.m in Sources */,
				C2AD3BDF1C3BF5DA007C3925 /* XCImageView.m in Sources */,
				C2AD3C2C1C3BF636007C3925 /* UIImageView+WebCache.m in Sources */,
				C218F1451C3A21E700810733 /* CPTabBarViewController.m in Sources */,
				C2AD3BE21C3BF5DA007C3925 /* XCTextView.m in Sources */,
				C2AD3C1F1C3BF636007C3925 /* NSData+ImageContentType.m in Sources */,
				C2AD3BD91C3BF5DA007C3925 /* XCNavigationController.m in Sources */,
				C2AD3BDB1C3BF5DA007C3925 /* XCTableViewController.m in Sources */,
				C2AD3C271C3BF636007C3925 /* UIButton+WebCache.m in Sources */,
				C2AD3C261C3BF636007C3925 /* SDWebImagePrefetcher.m in Sources */,
				C2AD3BE61C3BF5DA007C3925 /* iToast.m in Sources */,
				C2AD3BDC1C3BF5DA007C3925 /* XCViewController.m in Sources */,
				C2AD3BF61C3BF627007C3925 /* AFHTTPSessionManager.m in Sources */,
				C2AD3C2B1C3BF636007C3925 /* UIImageView+HighlightedWebCache.m in Sources */,
				C2AD3BE31C3BF5DA007C3925 /* UIDevice+Addtion.m in Sources */,
				C2AD3BE01C3BF5DA007C3925 /* XCLabel.m in Sources */,
				C2AD3C251C3BF636007C3925 /* SDWebImageManager.m in Sources */,
				C2AD3BF71C3BF627007C3925 /* AFNetworkReachabilityManager.m in Sources */,
				C2AD3BDA1C3BF5DA007C3925 /* XCTabBarController.m in Sources */,
				C2AD3BDD1C3BF5DA007C3925 /* XCButton.m in Sources */,
				C2AD3C281C3BF636007C3925 /* UIImage+GIF.m in Sources */,
				C2A7698D1C3ABE4B0096F055 /* CPTabBar.m in Sources */,
				C2AD3BDE1C3BF5DA007C3925 /* XCCollectionViewCell.m in Sources */,
				C218F1141C3A0B2800810733 /* AppDelegate.m in Sources */,
				C2AD3C291C3BF636007C3925 /* UIImage+MultiFormat.m in Sources */,
				C2AD3C241C3BF636007C3925 /* SDWebImageDownloaderOperation.m in Sources */,
				C2AD3BE11C3BF5DA007C3925 /* XCTableViewCell.m in Sources */,
				C2A769901C3AC08D0096F055 /* CPTabBarButton.m in Sources */,
				C2AD3BE41C3BF5DA007C3925 /* UIView+XCAdditions.m in Sources */,
				C218F1111C3A0B2800810733 /* main.m in Sources */,
				C2AD3C221C3BF636007C3925 /* SDWebImageDecoder.m in Sources */,
				C2AD3C2A1C3BF636007C3925 /* UIImage+WebP.m in Sources */,
				C2AD3C211C3BF636007C3925 /* SDWebImageCompat.m in Sources */,
				C2AD3BF91C3BF627007C3925 /* AFURLRequestSerialization.m in Sources */,
				C2AD3BF81C3BF627007C3925 /* AFSecurityPolicy.m in Sources */,
				C2AD3C231C3BF636007C3925 /* SDWebImageDownloader.m in Sources */,
				C2AD3C1E1C3BF636007C3925 /* MKAnnotationView+WebCache.m in Sources */,
				C2AD3BFA1C3BF627007C3925 /* AFURLResponseSerialization.m in Sources */,
				C2AD3BD81C3BF5DA007C3925 /* XCCollectionViewController.m in Sources */,
				C2AD3C201C3BF636007C3925 /* SDImageCache.m in Sources */,
			);
			runOnlyForDeploymentPostprocessing = 0;
		};
/* End PBXSourcesBuildPhase section */

/* Begin PBXVariantGroup section */
		C218F1181C3A0B2800810733 /* Main.storyboard */ = {
			isa = PBXVariantGroup;
			children = (
				C218F1191C3A0B2800810733 /* Base */,
			);
			name = Main.storyboard;
			sourceTree = "<group>";
		};
		C218F11D1C3A0B2800810733 /* LaunchScreen.storyboard */ = {
			isa = PBXVariantGroup;
			children = (
				C218F11E1C3A0B2800810733 /* Base */,
			);
			name = LaunchScreen.storyboard;
			sourceTree = "<group>";
		};
/* End PBXVariantGroup section */

/* Begin XCBuildConfiguration section */
		C218F1211C3A0B2800810733 /* Debug */ = {
			isa = XCBuildConfiguration;
			buildSettings = {
				ALWAYS_SEARCH_USER_PATHS = NO;
				CLANG_CXX_LANGUAGE_STANDARD = "gnu++0x";
				CLANG_CXX_LIBRARY = "libc++";
				CLANG_ENABLE_MODULES = YES;
				CLANG_ENABLE_OBJC_ARC = YES;
				CLANG_WARN_BOOL_CONVERSION = YES;
				CLANG_WARN_CONSTANT_CONVERSION = YES;
				CLANG_WARN_DIRECT_OBJC_ISA_USAGE = YES_ERROR;
				CLANG_WARN_EMPTY_BODY = YES;
				CLANG_WARN_ENUM_CONVERSION = YES;
				CLANG_WARN_INT_CONVERSION = YES;
				CLANG_WARN_OBJC_ROOT_CLASS = YES_ERROR;
				CLANG_WARN_UNREACHABLE_CODE = YES;
				CLANG_WARN__DUPLICATE_METHOD_MATCH = YES;
				"CODE_SIGN_IDENTITY[sdk=iphoneos*]" = "iPhone Developer";
				COPY_PHASE_STRIP = NO;
				DEBUG_INFORMATION_FORMAT = dwarf;
				ENABLE_STRICT_OBJC_MSGSEND = YES;
				ENABLE_TESTABILITY = YES;
				GCC_C_LANGUAGE_STANDARD = gnu99;
				GCC_DYNAMIC_NO_PIC = NO;
				GCC_NO_COMMON_BLOCKS = YES;
				GCC_OPTIMIZATION_LEVEL = 0;
				GCC_PREPROCESSOR_DEFINITIONS = (
					"DEBUG=1",
					"$(inherited)",
				);
				GCC_WARN_64_TO_32_BIT_CONVERSION = YES;
				GCC_WARN_ABOUT_RETURN_TYPE = YES_ERROR;
				GCC_WARN_UNDECLARED_SELECTOR = YES;
				GCC_WARN_UNINITIALIZED_AUTOS = YES_AGGRESSIVE;
				GCC_WARN_UNUSED_FUNCTION = YES;
				GCC_WARN_UNUSED_VARIABLE = YES;
				IPHONEOS_DEPLOYMENT_TARGET = 9.2;
				MTL_ENABLE_DEBUG_INFO = YES;
				ONLY_ACTIVE_ARCH = YES;
				SDKROOT = iphoneos;
			};
			name = Debug;
		};
		C218F1221C3A0B2800810733 /* Release */ = {
			isa = XCBuildConfiguration;
			buildSettings = {
				ALWAYS_SEARCH_USER_PATHS = NO;
				CLANG_CXX_LANGUAGE_STANDARD = "gnu++0x";
				CLANG_CXX_LIBRARY = "libc++";
				CLANG_ENABLE_MODULES = YES;
				CLANG_ENABLE_OBJC_ARC = YES;
				CLANG_WARN_BOOL_CONVERSION = YES;
				CLANG_WARN_CONSTANT_CONVERSION = YES;
				CLANG_WARN_DIRECT_OBJC_ISA_USAGE = YES_ERROR;
				CLANG_WARN_EMPTY_BODY = YES;
				CLANG_WARN_ENUM_CONVERSION = YES;
				CLANG_WARN_INT_CONVERSION = YES;
				CLANG_WARN_OBJC_ROOT_CLASS = YES_ERROR;
				CLANG_WARN_UNREACHABLE_CODE = YES;
				CLANG_WARN__DUPLICATE_METHOD_MATCH = YES;
				"CODE_SIGN_IDENTITY[sdk=iphoneos*]" = "iPhone Developer";
				COPY_PHASE_STRIP = NO;
				DEBUG_INFORMATION_FORMAT = "dwarf-with-dsym";
				ENABLE_NS_ASSERTIONS = NO;
				ENABLE_STRICT_OBJC_MSGSEND = YES;
				GCC_C_LANGUAGE_STANDARD = gnu99;
				GCC_NO_COMMON_BLOCKS = YES;
				GCC_WARN_64_TO_32_BIT_CONVERSION = YES;
				GCC_WARN_ABOUT_RETURN_TYPE = YES_ERROR;
				GCC_WARN_UNDECLARED_SELECTOR = YES;
				GCC_WARN_UNINITIALIZED_AUTOS = YES_AGGRESSIVE;
				GCC_WARN_UNUSED_FUNCTION = YES;
				GCC_WARN_UNUSED_VARIABLE = YES;
				IPHONEOS_DEPLOYMENT_TARGET = 9.2;
				MTL_ENABLE_DEBUG_INFO = NO;
				SDKROOT = iphoneos;
				VALIDATE_PRODUCT = YES;
			};
			name = Release;
		};
		C218F1241C3A0B2800810733 /* Debug */ = {
			isa = XCBuildConfiguration;
			buildSettings = {
				ASSETCATALOG_COMPILER_APPICON_NAME = AppIcon;
				ASSETCATALOG_COMPILER_LAUNCHIMAGE_NAME = LaunchImage;
				GCC_PREFIX_HEADER = caipiaowy/class/other/setting/PrefixHeader.pch;
				INFOPLIST_FILE = caipiaowy/Info.plist;
				IPHONEOS_DEPLOYMENT_TARGET = 7.0;
				LD_RUNPATH_SEARCH_PATHS = "$(inherited) @executable_path/Frameworks";
				PRODUCT_BUNDLE_IDENTIFIER = com.sf.caipiaowy;
				PRODUCT_NAME = "$(TARGET_NAME)";
			};
			name = Debug;
		};
		C218F1251C3A0B2800810733 /* Release */ = {
			isa = XCBuildConfiguration;
			buildSettings = {
				ASSETCATALOG_COMPILER_APPICON_NAME = AppIcon;
				ASSETCATALOG_COMPILER_LAUNCHIMAGE_NAME = LaunchImage;
				GCC_PREFIX_HEADER = caipiaowy/class/other/setting/PrefixHeader.pch;
				INFOPLIST_FILE = caipiaowy/Info.plist;
				IPHONEOS_DEPLOYMENT_TARGET = 7.0;
				LD_RUNPATH_SEARCH_PATHS = "$(inherited) @executable_path/Frameworks";
				PRODUCT_BUNDLE_IDENTIFIER = com.sf.caipiaowy;
				PRODUCT_NAME = "$(TARGET_NAME)";
			};
			name = Release;
		};
/* End XCBuildConfiguration section */

/* Begin XCConfigurationList section */
		C218F1071C3A0B2700810733 /* Build configuration list for PBXProject "caipiaowy" */ = {
			isa = XCConfigurationList;
			buildConfigurations = (
				C218F1211C3A0B2800810733 /* Debug */,
				C218F1221C3A0B2800810733 /* Release */,
			);
			defaultConfigurationIsVisible = 0;
			defaultConfigurationName = Release;
		};
		C218F1231C3A0B2800810733 /* Build configuration list for PBXNativeTarget "caipiaowy" */ = {
			isa = XCConfigurationList;
			buildConfigurations = (
				C218F1241C3A0B2800810733 /* Debug */,
				C218F1251C3A0B2800810733 /* Release */,
			);
			defaultConfigurationIsVisible = 0;
			defaultConfigurationName = Release;
		};
/* End XCConfigurationList section */
	};
	rootObject = C218F1041C3A0B2700810733 /* Project object */;
}
